{
  "name": "warframe-mods-browser",
  "version": "1.0.0",
  "lockfileVersion": 3,
  "requires": true,
  "packages": {
    "": {
      "name": "warframe-mods-browser",
      "version": "1.0.0",
      "dependencies": {
        "@wfcd/items": "^1.1274.7"
      }
    },
    "node_modules/@wfcd/items": {
      "version": "1.1274.7",
      "resolved": "https://registry.npmjs.org/@wfcd/items/-/items-1.1274.7.tgz",
      "integrity": "sha512-aNXpDPpCPPZYz2Vk0Jhu2MPl0IwB3LFyG56ypHAmL+JvDbIqDsmEjo0bunnR+1+qeC1Z3ksZI5sRFnC9pub4Pw==",
      "license": "MIT",
      "peerDependencies": {
        "warframe-worldstate-data": "^3.0.0"
      }
    },
    "node_modules/warframe-worldstate-data": {
      "version": "3.15.1",
      "resolved": "https://registry.npmjs.org/warframe-worldstate-data/-/warframe-worldstate-data-3.15.1.tgz",
      "integrity": "sha512-ecvx0QRhvJpuM55Tu7LujXbEpXcjuS4pOYCV/0mOlOK1dr7KSp+3JvVf6FZhVifhjBCNg9sI3KY2bTJuN/qZPw==",
      "license": "MIT",
      "peer": true,
      "engines": {
        "node": ">=22"
      }
    }
  }
}
